
Microsoft Visual Studio Solution File, Format Version 12.00
# Visual Studio Version 16
VisualStudioVersion = 16.0.31515.178
MinimumVisualStudioVersion = 10.0.40219.1
Project("{9A19103F-16F7-4668-BE54-9A1E7A4F7556}") = "Shopping", "Shopping\Shopping.csproj", "{401F440B-903C-4C96-BD8C-7CC8FC74A33C}"
EndProject
Project("{9A19103F-16F7-4668-BE54-9A1E7A4F7556}") = "DataAccess", "DataAccess\DataAccess.csproj", "{32CEF17F-F54D-4B20-9387-9D293FF42D3D}"
EndProject
Project("{9A19103F-16F7-4668-BE54-9A1E7A4F7556}") = "Services", "Services\Services.csproj", "{01EC6BDD-1763-415E-BE1C-1E19B6F108D2}"
EndProject
Project("{9A19103F-16F7-4668-BE54-9A1E7A4F7556}") = "Entities", "Entities\Entities.csproj", "{CC3BDD8F-C692-4DB0-92B2-62033735020D}"
EndProject
Project("{9A19103F-16F7-4668-BE54-9A1E7A4F7556}") = "Helpers", "Helpers\Helpers.csproj", "{2B212A97-531D-4846-836C-4C46D55667F4}"
EndProject
Global
	GlobalSection(SolutionConfigurationPlatforms) = preSolution
		Debug|Any CPU = Debug|Any CPU
		Release|Any CPU = Release|Any CPU
	EndGlobalSection
	GlobalSection(ProjectConfigurationPlatforms) = postSolution
		{401F440B-903C-4C96-BD8C-7CC8FC74A33C}.Debug|Any CPU.ActiveCfg = Debug|Any CPU
		{401F440B-903C-4C96-BD8C-7CC8FC74A33C}.Debug|Any CPU.Build.0 = Debug|Any CPU
		{401F440B-903C-4C96-BD8C-7CC8FC74A33C}.Release|Any CPU.ActiveCfg = Release|Any CPU
		{401F440B-903C-4C96-BD8C-7CC8FC74A33C}.Release|Any CPU.Build.0 = Release|Any CPU
		{32CEF17F-F54D-4B20-9387-9D293FF42D3D}.Debug|Any CPU.ActiveCfg = Debug|Any CPU
		{32CEF17F-F54D-4B20-9387-9D293FF42D3D}.Debug|Any CPU.Build.0 = Debug|Any CPU
		{32CEF17F-F54D-4B20-9387-9D293FF42D3D}.Release|Any CPU.ActiveCfg = Release|Any CPU
		{32CEF17F-F54D-4B20-9387-9D293FF42D3D}.Release|Any CPU.Build.0 = Release|Any CPU
		{01EC6BDD-1763-415E-BE1C-1E19B6F108D2}.Debug|Any CPU.ActiveCfg = Debug|Any CPU
		{01EC6BDD-1763-415E-BE1C-1E19B6F108D2}.Debug|Any CPU.Build.0 = Debug|Any CPU
		{01EC6BDD-1763-415E-BE1C-1E19B6F108D2}.Release|Any CPU.ActiveCfg = Release|Any CPU
		{01EC6BDD-1763-415E-BE1C-1E19B6F108D2}.Release|Any CPU.Build.0 = Release|Any CPU
		{CC3BDD8F-C692-4DB0-92B2-62033735020D}.Debug|Any CPU.ActiveCfg = Debug|Any CPU
		{CC3BDD8F-C692-4DB0-92B2-62033735020D}.Debug|Any CPU.Build.0 = Debug|Any CPU
		{CC3BDD8F-C692-4DB0-92B2-62033735020D}.Release|Any CPU.ActiveCfg = Release|Any CPU
		{CC3BDD8F-C692-4DB0-92B2-62033735020D}.Release|Any CPU.Build.0 = Release|Any CPU
		{2B212A97-531D-4846-836C-4C46D55667F4}.Debug|Any CPU.ActiveCfg = Debug|Any CPU
		{2B212A97-531D-4846-836C-4C46D55667F4}.Debug|Any CPU.Build.0 = Debug|Any CPU
		{2B212A97-531D-4846-836C-4C46D55667F4}.Release|Any CPU.ActiveCfg = Release|Any CPU
		{2B212A97-531D-4846-836C-4C46D55667F4}.Release|Any CPU.Build.0 = Release|Any CPU
	EndGlobalSection
	GlobalSection(SolutionProperties) = preSolution
		HideSolutionNode = FALSE
	EndGlobalSection
	GlobalSection(ExtensibilityGlobals) = postSolution
		SolutionGuid = {CE6C3FFC-C4EA-42DC-A08F-D01BBFBE2238}
	EndGlobalSection
EndGlobal
